// !$*UTF8*$!
{
	archiveVersion = 1;
	classes = {
	};
	objectVersion = 56;
	objects = {

/* Begin PBXBuildFile section */
		CE454F2A2A7ADC6600A65C1E /* AppDelegate.swift in Sources */ = {isa = PBXBuildFile; fileRef = CE454F292A7ADC6600A65C1E /* AppDelegate.swift */; };
		CE454F2C2A7ADC6600A65C1E /* SceneDelegate.swift in Sources */ = {isa = PBXBuildFile; fileRef = CE454F2B2A7ADC6600A65C1E /* SceneDelegate.swift */; };
		CE454F2E2A7ADC6600A65C1E /* ViewController.swift in Sources */ = {isa = PBXBuildFile; fileRef = CE454F2D2A7ADC6600A65C1E /* ViewController.swift */; };
		CE454F332A7ADC6700A65C1E /* Assets.xcassets in Resources */ = {isa = PBXBuildFile; fileRef = CE454F322A7ADC6700A65C1E /* Assets.xcassets */; };
		CE454F362A7ADC6700A65C1E /* LaunchScreen.storyboard in Resources */ = {isa = PBXBuildFile; fileRef = CE454F342A7ADC6700A65C1E /* LaunchScreen.storyboard */; };
		CE454F442A7ADEAB00A65C1E /* ModelForSettingScreen.swift in Sources */ = {isa = PBXBuildFile; fileRef = CE454F432A7ADEAB00A65C1E /* ModelForSettingScreen.swift */; };
		CE454F462A7ADF4E00A65C1E /* ViewOfSettingScreen.swift in Sources */ = {isa = PBXBuildFile; fileRef = CE454F452A7ADF4E00A65C1E /* ViewOfSettingScreen.swift */; };
		CE454F482A7AE2C100A65C1E /* DetailViewOfSettingScreen.swift in Sources */ = {isa = PBXBuildFile; fileRef = CE454F472A7AE2C100A65C1E /* DetailViewOfSettingScreen.swift */; };
		CE454F4A2A7AE32700A65C1E /* TableCellViewForSettingScreen.swift in Sources */ = {isa = PBXBuildFile; fileRef = CE454F492A7AE32700A65C1E /* TableCellViewForSettingScreen.swift */; };
/* End PBXBuildFile section */

/* Begin PBXFileReference section */
		CE454F262A7ADC6600A65C1E /* mvcforsettingscreen.app */ = {isa = PBXFileReference; explicitFileType = wrapper.application; includeInIndex = 0; path = mvcforsettingscreen.app; sourceTree = BUILT_PRODUCTS_DIR; };
		CE454F292A7ADC6600A65C1E /* AppDelegate.swift */ = {isa = PBXFileReference; lastKnownFileType = sourcecode.swift; path = AppDelegate.swift; sourceTree = "<group>"; };
		CE454F2B2A7ADC6600A65C1E /* SceneDelegate.swift */ = {isa = PBXFileReference; lastKnownFileType = sourcecode.swift; path = SceneDelegate.swift; sourceTree = "<group>"; };
		CE454F2D2A7ADC6600A65C1E /* ViewController.swift */ = {isa = PBXFileReference; lastKnownFileType = sourcecode.swift; path = ViewController.swift; sourceTree = "<group>"; };
		CE454F322A7ADC6700A65C1E /* Assets.xcassets */ = {isa = PBXFileReference; lastKnownFileType = folder.assetcatalog; path = Assets.xcassets; sourceTree = "<group>"; };
		CE454F352A7ADC6700A65C1E /* Base */ = {isa = PBXFileReference; lastKnownFileType = file.storyboard; name = Base; path = Base.lproj/LaunchScreen.storyboard; sourceTree = "<group>"; };
		CE454F372A7ADC6700A65C1E /* Info.plist */ = {isa = PBXFileReference; lastKnownFileType = text.plist.xml; path = Info.plist; sourceTree = "<group>"; };
		CE454F432A7ADEAB00A65C1E /* ModelForSettingScreen.swift */ = {isa = PBXFileReference; lastKnownFileType = sourcecode.swift; path = ModelForSettingScreen.swift; sourceTree = "<group>"; };
		CE454F452A7ADF4E00A65C1E /* ViewOfSettingScreen.swift */ = {isa = PBXFileReference; lastKnownFileType = sourcecode.swift; path = ViewOfSettingScreen.swift; sourceTree = "<group>"; };
		CE454F472A7AE2C100A65C1E /* DetailViewOfSettingScreen.swift */ = {isa = PBXFileReference; lastKnownFileType = sourcecode.swift; path = DetailViewOfSettingScreen.swift; sourceTree = "<group>"; };
		CE454F492A7AE32700A65C1E /* TableCellViewForSettingScreen.swift */ = {isa = PBXFileReference; lastKnownFileType = sourcecode.swift; path = TableCellViewForSettingScreen.swift; sourceTree = "<group>"; };
/* End PBXFileReference section */

/* Begin PBXFrameworksBuildPhase section */
		CE454F232A7ADC6600A65C1E /* Frameworks */ = {
			isa = PBXFrameworksBuildPhase;
			buildActionMask = 2147483647;
			files = (
			);
			runOnlyForDeploymentPostprocessing = 0;
		};
/* End PBXFrameworksBuildPhase section */

/* Begin PBXGroup section */
		CE454F1D2A7ADC6600A65C1E = {
			isa = PBXGroup;
			children = (
				CE454F282A7ADC6600A65C1E /* mvcforsettingscreen */,
				CE454F272A7ADC6600A65C1E /* Products */,
			);
			sourceTree = "<group>";
		};
		CE454F272A7ADC6600A65C1E /* Products */ = {
			isa = PBXGroup;
			children = (
				CE454F262A7ADC6600A65C1E /* mvcforsettingscreen.app */,
			);
			name = Products;
			sourceTree = "<group>";
		};
		CE454F282A7ADC6600A65C1E /* mvcforsettingscreen */ = {
			isa = PBXGroup;
			children = (
				CE454F3E2A7ADDA400A65C1E /* Resourses */,
				CE454F3D2A7ADD9600A65C1E /* Sourses */,
			);
			path = mvcforsettingscreen;
			sourceTree = "<group>";
		};
		CE454F3D2A7ADD9600A65C1E /* Sourses */ = {
			isa = PBXGroup;
			children = (
				CE454F422A7ADDF100A65C1E /* Model */,
				CE454F412A7ADDEA00A65C1E /* View */,
				CE454F402A7ADDD700A65C1E /* Controller */,
				CE454F3F2A7ADDD000A65C1E /* App */,
			);
			path = Sourses;
			sourceTree = "<group>";
		};
		CE454F3E2A7ADDA400A65C1E /* Resourses */ = {
			isa = PBXGroup;
			children = (
				CE454F322A7ADC6700A65C1E /* Assets.xcassets */,
				CE454F342A7ADC6700A65C1E /* LaunchScreen.storyboard */,
				CE454F372A7ADC6700A65C1E /* Info.plist */,
			);
			path = Resourses;
			sourceTree = "<group>";
		};
		CE454F3F2A7ADDD000A65C1E /* App */ = {
			isa = PBXGroup;
			children = (
				CE454F292A7ADC6600A65C1E /* AppDelegate.swift */,
				CE454F2B2A7ADC6600A65C1E /* SceneDelegate.swift */,
			);
			path = App;
			sourceTree = "<group>";
		};
		CE454F402A7ADDD700A65C1E /* Controller */ = {
			isa = PBXGroup;
			children = (
				CE454F2D2A7ADC6600A65C1E /* ViewController.swift */,
			);
			path = Controller;
			sourceTree = "<group>";
		};
		CE454F412A7ADDEA00A65C1E /* View */ = {
			isa = PBXGroup;
			children = (
				CE454F452A7ADF4E00A65C1E /* ViewOfSettingScreen.swift */,
				CE454F472A7AE2C100A65C1E /* DetailViewOfSettingScreen.swift */,
				CE454F492A7AE32700A65C1E /* TableCellViewForSettingScreen.swift */,
			);
			path = View;
			sourceTree = "<group>";
		};
		CE454F422A7ADDF100A65C1E /* Model */ = {
			isa = PBXGroup;
			children = (
				CE454F432A7ADEAB00A65C1E /* ModelForSettingScreen.swift */,
			);
			path = Model;
			sourceTree = "<group>";
		};
/* End PBXGroup section */

/* Begin PBXNativeTarget section */
		CE454F252A7ADC6600A65C1E /* mvcforsettingscreen */ = {
			isa = PBXNativeTarget;
			buildConfigurationList = CE454F3A2A7ADC6700A65C1E /* Build configuration list for PBXNativeTarget "mvcforsettingscreen" */;
			buildPhases = (
				CE454F222A7ADC6600A65C1E /* Sources */,
				CE454F232A7ADC6600A65C1E /* Frameworks */,
				CE454F242A7ADC6600A65C1E /* Resources */,
			);
			buildRules = (
			);
			dependencies = (
			);
			name = mvcforsettingscreen;
			productName = mvcforsettingscreen;
			productReference = CE454F262A7ADC6600A65C1E /* mvcforsettingscreen.app */;
			productType = "com.apple.product-type.application";
		};
/* End PBXNativeTarget section */

/* Begin PBXProject section */
		CE454F1E2A7ADC6600A65C1E /* Project object */ = {
			isa = PBXProject;
			attributes = {
				BuildIndependentTargetsInParallel = 1;
				LastSwiftUpdateCheck = 1420;
				LastUpgradeCheck = 1420;
				TargetAttributes = {
					CE454F252A7ADC6600A65C1E = {
						CreatedOnToolsVersion = 14.2;
					};
				};
			};
			buildConfigurationList = CE454F212A7ADC6600A65C1E /* Build configuration list for PBXProject "mvcforsettingscreen" */;
			compatibilityVersion = "Xcode 14.0";
			developmentRegion = en;
			hasScannedForEncodings = 0;
			knownRegions = (
				en,
				Base,
			);
			mainGroup = CE454F1D2A7ADC6600A65C1E;
			productRefGroup = CE454F272A7ADC6600A65C1E /* Products */;
			projectDirPath = "";
			projectRoot = "";
			targets = (
				CE454F252A7ADC6600A65C1E /* mvcforsettingscreen */,
			);
		};
/* End PBXProject section */

/* Begin PBXResourcesBuildPhase section */
		CE454F242A7ADC6600A65C1E /* Resources */ = {
			isa = PBXResourcesBuildPhase;
			buildActionMask = 2147483647;
			files = (
				CE454F362A7ADC6700A65C1E /* LaunchScreen.storyboard in Resources */,
				CE454F332A7ADC6700A65C1E /* Assets.xcassets in Resources */,
			);
			runOnlyForDeploymentPostprocessing = 0;
		};
/* End PBXResourcesBuildPhase section */

/* Begin PBXSourcesBuildPhase section */
		CE454F222A7ADC6600A65C1E /* Sources */ = {
			isa = PBXSourcesBuildPhase;
			buildActionMask = 2147483647;
			files = (
				CE454F442A7ADEAB00A65C1E /* ModelForSettingScreen.swift in Sources */,
				CE454F482A7AE2C100A65C1E /* DetailViewOfSettingScreen.swift in Sources */,
				CE454F462A7ADF4E00A65C1E /* ViewOfSettingScreen.swift in Sources */,
				CE454F2E2A7ADC6600A65C1E /* ViewController.swift in Sources */,
				CE454F4A2A7AE32700A65C1E /* TableCellViewForSettingScreen.swift in Sources */,
				CE454F2A2A7ADC6600A65C1E /* AppDelegate.swift in Sources */,
				CE454F2C2A7ADC6600A65C1E /* SceneDelegate.swift in Sources */,
			);
			runOnlyForDeploymentPostprocessing = 0;
		};
/* End PBXSourcesBuildPhase section */

/* Begin PBXVariantGroup section */
		CE454F342A7ADC6700A65C1E /* LaunchScreen.storyboard */ = {
			isa = PBXVariantGroup;
			children = (
				CE454F352A7ADC6700A65C1E /* Base */,
			);
			name = LaunchScreen.storyboard;
			sourceTree = "<group>";
		};
/* End PBXVariantGroup section */

/* Begin XCBuildConfiguration section */
		CE454F382A7ADC6700A65C1E /* Debug */ = {
			isa = XCBuildConfiguration;
			buildSettings = {
				ALWAYS_SEARCH_USER_PATHS = NO;
				CLANG_ANALYZER_NONNULL = YES;
				CLANG_ANALYZER_NUMBER_OBJECT_CONVERSION = YES_AGGRESSIVE;
				CLANG_CXX_LANGUAGE_STANDARD = "gnu++20";
				CLANG_ENABLE_MODULES = YES;
				CLANG_ENABLE_OBJC_ARC = YES;
				CLANG_ENABLE_OBJC_WEAK = YES;
				CLANG_WARN_BLOCK_CAPTURE_AUTORELEASING = YES;
				CLANG_WARN_BOOL_CONVERSION = YES;
				CLANG_WARN_COMMA = YES;
				CLANG_WARN_CONSTANT_CONVERSION = YES;
				CLANG_WARN_DEPRECATED_OBJC_IMPLEMENTATIONS = YES;
				CLANG_WARN_DIRECT_OBJC_ISA_USAGE = YES_ERROR;
				CLANG_WARN_DOCUMENTATION_COMMENTS = YES;
				CLANG_WARN_EMPTY_BODY = YES;
				CLANG_WARN_ENUM_CONVERSION = YES;
				CLANG_WARN_INFINITE_RECURSION = YES;
				CLANG_WARN_INT_CONVERSION = YES;
				CLANG_WARN_NON_LITERAL_NULL_CONVERSION = YES;
				CLANG_WARN_OBJC_IMPLICIT_RETAIN_SELF = YES;
				CLANG_WARN_OBJC_LITERAL_CONVERSION = YES;
				CLANG_WARN_OBJC_ROOT_CLASS = YES_ERROR;
				CLANG_WARN_QUOTED_INCLUDE_IN_FRAMEWORK_HEADER = YES;
				CLANG_WARN_RANGE_LOOP_ANALYSIS = YES;
				CLANG_WARN_STRICT_PROTOTYPES = YES;
				CLANG_WARN_SUSPICIOUS_MOVE = YES;
				CLANG_WARN_UNGUARDED_AVAILABILITY = YES_AGGRESSIVE;
				CLANG_WARN_UNREACHABLE_CODE = YES;
				CLANG_WARN__DUPLICATE_METHOD_MATCH = YES;
				COPY_PHASE_STRIP = NO;
				DEBUG_INFORMATION_FORMAT = dwarf;
				ENABLE_STRICT_OBJC_MSGSEND = YES;
				ENABLE_TESTABILITY = YES;
				GCC_C_LANGUAGE_STANDARD = gnu11;
				GCC_DYNAMIC_NO_PIC = NO;
				GCC_NO_COMMON_BLOCKS = YES;
				GCC_OPTIMIZATION_LEVEL = 0;
				GCC_PREPROCESSOR_DEFINITIONS = (
					"DEBUG=1",
					"$(inherited)",
				);
				GCC_WARN_64_TO_32_BIT_CONVERSION = YES;
				GCC_WARN_ABOUT_RETURN_TYPE = YES_ERROR;
				GCC_WARN_UNDECLARED_SELECTOR = YES;
				GCC_WARN_UNINITIALIZED_AUTOS = YES_AGGRESSIVE;
				GCC_WARN_UNUSED_FUNCTION = YES;
				GCC_WARN_UNUSED_VARIABLE = YES;
				IPHONEOS_DEPLOYMENT_TARGET = 16.2;
				MTL_ENABLE_DEBUG_INFO = INCLUDE_SOURCE;
				MTL_FAST_MATH = YES;
				ONLY_ACTIVE_ARCH = YES;
				SDKROOT = iphoneos;
				SWIFT_ACTIVE_COMPILATION_CONDITIONS = DEBUG;
				SWIFT_OPTIMIZATION_LEVEL = "-Onone";
			};
			name = Debug;
		};
		CE454F392A7ADC6700A65C1E /* Release */ = {
			isa = XCBuildConfiguration;
			buildSettings = {
				ALWAYS_SEARCH_USER_PATHS = NO;
				CLANG_ANALYZER_NONNULL = YES;
				CLANG_ANALYZER_NUMBER_OBJECT_CONVERSION = YES_AGGRESSIVE;
				CLANG_CXX_LANGUAGE_STANDARD = "gnu++20";
				CLANG_ENABLE_MODULES = YES;
				CLANG_ENABLE_OBJC_ARC = YES;
				CLANG_ENABLE_OBJC_WEAK = YES;
				CLANG_WARN_BLOCK_CAPTURE_AUTORELEASING = YES;
				CLANG_WARN_BOOL_CONVERSION = YES;
				CLANG_WARN_COMMA = YES;
				CLANG_WARN_CONSTANT_CONVERSION = YES;
				CLANG_WARN_DEPRECATED_OBJC_IMPLEMENTATIONS = YES;
				CLANG_WARN_DIRECT_OBJC_ISA_USAGE = YES_ERROR;
				CLANG_WARN_DOCUMENTATION_COMMENTS = YES;
				CLANG_WARN_EMPTY_BODY = YES;
				CLANG_WARN_ENUM_CONVERSION = YES;
				CLANG_WARN_INFINITE_RECURSION = YES;
				CLANG_WARN_INT_CONVERSION = YES;
				CLANG_WARN_NON_LITERAL_NULL_CONVERSION = YES;
				CLANG_WARN_OBJC_IMPLICIT_RETAIN_SELF = YES;
				CLANG_WARN_OBJC_LITERAL_CONVERSION = YES;
				CLANG_WARN_OBJC_ROOT_CLASS = YES_ERROR;
				CLANG_WARN_QUOTED_INCLUDE_IN_FRAMEWORK_HEADER = YES;
				CLANG_WARN_RANGE_LOOP_ANALYSIS = YES;
				CLANG_WARN_STRICT_PROTOTYPES = YES;
				CLANG_WARN_SUSPICIOUS_MOVE = YES;
				CLANG_WARN_UNGUARDED_AVAILABILITY = YES_AGGRESSIVE;
				CLANG_WARN_UNREACHABLE_CODE = YES;
				CLANG_WARN__DUPLICATE_METHOD_MATCH = YES;
				COPY_PHASE_STRIP = NO;
				DEBUG_INFORMATION_FORMAT = "dwarf-with-dsym";
				ENABLE_NS_ASSERTIONS = NO;
				ENABLE_STRICT_OBJC_MSGSEND = YES;
				GCC_C_LANGUAGE_STANDARD = gnu11;
				GCC_NO_COMMON_BLOCKS = YES;
				GCC_WARN_64_TO_32_BIT_CONVERSION = YES;
				GCC_WARN_ABOUT_RETURN_TYPE = YES_ERROR;
				GCC_WARN_UNDECLARED_SELECTOR = YES;
				GCC_WARN_UNINITIALIZED_AUTOS = YES_AGGRESSIVE;
				GCC_WARN_UNUSED_FUNCTION = YES;
				GCC_WARN_UNUSED_VARIABLE = YES;
				IPHONEOS_DEPLOYMENT_TARGET = 16.2;
				MTL_ENABLE_DEBUG_INFO = NO;
				MTL_FAST_MATH = YES;
				SDKROOT = iphoneos;
				SWIFT_COMPILATION_MODE = wholemodule;
				SWIFT_OPTIMIZATION_LEVEL = "-O";
				VALIDATE_PRODUCT = YES;
			};
			name = Release;
		};
		CE454F3B2A7ADC6700A65C1E /* Debug */ = {
			isa = XCBuildConfiguration;
			buildSettings = {
				ASSETCATALOG_COMPILER_APPICON_NAME = AppIcon;
				ASSETCATALOG_COMPILER_GLOBAL_ACCENT_COLOR_NAME = AccentColor;
				CODE_SIGN_STYLE = Automatic;
				CURRENT_PROJECT_VERSION = 1;
				GENERATE_INFOPLIST_FILE = YES;
				INFOPLIST_FILE = mvcforsettingscreen/Resourses/Info.plist;
				INFOPLIST_KEY_UIApplicationSupportsIndirectInputEvents = YES;
				INFOPLIST_KEY_UISupportedInterfaceOrientations_iPad = "UIInterfaceOrientationPortrait UIInterfaceOrientationPortraitUpsideDown UIInterfaceOrientationLandscapeLeft UIInterfaceOrientationLandscapeRight";
				INFOPLIST_KEY_UISupportedInterfaceOrientations_iPhone = "UIInterfaceOrientationPortrait UIInterfaceOrientationLandscapeLeft UIInterfaceOrientationLandscapeRight";
				LD_RUNPATH_SEARCH_PATHS = (
					"$(inherited)",
					"@executable_path/Frameworks",
				);
				MARKETING_VERSION = 1.0;
				PRODUCT_BUNDLE_IDENTIFIER = com.my.mvcforsettingscreen;
				PRODUCT_NAME = "$(TARGET_NAME)";
				SWIFT_EMIT_LOC_STRINGS = YES;
				SWIFT_VERSION = 5.0;
				TARGETED_DEVICE_FAMILY = "1,2";
			};
			name = Debug;
		};
		CE454F3C2A7ADC6700A65C1E /* Release */ = {
			isa = XCBuildConfiguration;
			buildSettings = {
				ASSETCATALOG_COMPILER_APPICON_NAME = AppIcon;
				ASSETCATALOG_COMPILER_GLOBAL_ACCENT_COLOR_NAME = AccentColor;
				CODE_SIGN_STYLE = Automatic;
				CURRENT_PROJECT_VERSION = 1;
				GENERATE_INFOPLIST_FILE = YES;
				INFOPLIST_FILE = mvcforsettingscreen/Resourses/Info.plist;
				INFOPLIST_KEY_UIApplicationSupportsIndirectInputEvents = YES;
				INFOPLIST_KEY_UISupportedInterfaceOrientations_iPad = "UIInterfaceOrientationPortrait UIInterfaceOrientationPortraitUpsideDown UIInterfaceOrientationLandscapeLeft UIInterfaceOrientationLandscapeRight";
				INFOPLIST_KEY_UISupportedInterfaceOrientations_iPhone = "UIInterfaceOrientationPortrait UIInterfaceOrientationLandscapeLeft UIInterfaceOrientationLandscapeRight";
				LD_RUNPATH_SEARCH_PATHS = (
					"$(inherited)",
					"@executable_path/Frameworks",
				);
				MARKETING_VERSION = 1.0;
				PRODUCT_BUNDLE_IDENTIFIER = com.my.mvcforsettingscreen;
				PRODUCT_NAME = "$(TARGET_NAME)";
				SWIFT_EMIT_LOC_STRINGS = YES;
				SWIFT_VERSION = 5.0;
				TARGETED_DEVICE_FAMILY = "1,2";
			};
			name = Release;
		};
/* End XCBuildConfiguration section */

/* Begin XCConfigurationList section */
		CE454F212A7ADC6600A65C1E /* Build configuration list for PBXProject "mvcforsettingscreen" */ = {
			isa = XCConfigurationList;
			buildConfigurations = (
				CE454F382A7ADC6700A65C1E /* Debug */,
				CE454F392A7ADC6700A65C1E /* Release */,
			);
			defaultConfigurationIsVisible = 0;
			defaultConfigurationName = Release;
		};
		CE454F3A2A7ADC6700A65C1E /* Build configuration list for PBXNativeTarget "mvcforsettingscreen" */ = {
			isa = XCConfigurationList;
			buildConfigurations = (
				CE454F3B2A7ADC6700A65C1E /* Debug */,
				CE454F3C2A7ADC6700A65C1E /* Release */,
			);
			defaultConfigurationIsVisible = 0;
			defaultConfigurationName = Release;
		};
/* End XCConfigurationList section */
	};
	rootObject = CE454F1E2A7ADC6600A65C1E /* Project object */;
}
